
Microsoft Visual Studio Solution File, Format Version 12.00
# Visual Studio Version 16
VisualStudioVersion = 16.0.29123.88
MinimumVisualStudioVersion = 10.0.40219.1
Project("{9A19103F-16F7-4668-BE54-9A1E7A4F7556}") = "TestGAP", "TestGAP.csproj", "{62D85A5E-2A74-4A96-BA90-3392095B9D97}"
EndProject
Project("{FAE04EC0-301F-11D3-BF4B-00C04F79EFBC}") = "UnitTestGAP", "UnitTestGAP\UnitTestGAP.csproj", "{EA53C4EC-3716-4750-B727-6AE6435C28F1}"
EndProject
Global
	GlobalSection(SolutionConfigurationPlatforms) = preSolution
		Debug|Any CPU = Debug|Any CPU
		Release|Any CPU = Release|Any CPU
	EndGlobalSection
	GlobalSection(ProjectConfigurationPlatforms) = postSolution
		{62D85A5E-2A74-4A96-BA90-3392095B9D97}.Debug|Any CPU.ActiveCfg = Debug|Any CPU
		{62D85A5E-2A74-4A96-BA90-3392095B9D97}.Debug|Any CPU.Build.0 = Debug|Any CPU
		{62D85A5E-2A74-4A96-BA90-3392095B9D97}.Release|Any CPU.ActiveCfg = Release|Any CPU
		{62D85A5E-2A74-4A96-BA90-3392095B9D97}.Release|Any CPU.Build.0 = Release|Any CPU
		{EA53C4EC-3716-4750-B727-6AE6435C28F1}.Debug|Any CPU.ActiveCfg = Debug|Any CPU
		{EA53C4EC-3716-4750-B727-6AE6435C28F1}.Debug|Any CPU.Build.0 = Debug|Any CPU
		{EA53C4EC-3716-4750-B727-6AE6435C28F1}.Release|Any CPU.ActiveCfg = Release|Any CPU
		{EA53C4EC-3716-4750-B727-6AE6435C28F1}.Release|Any CPU.Build.0 = Release|Any CPU
	EndGlobalSection
	GlobalSection(SolutionProperties) = preSolution
		HideSolutionNode = FALSE
	EndGlobalSection
	GlobalSection(ExtensibilityGlobals) = postSolution
		SolutionGuid = {262445D6-811A-40F0-86C7-0A62EC3F62F7}
	EndGlobalSection
EndGlobal
